<?xml version="1.0" encoding="utf-8"?>
<Project ToolsVersion="4.0" xmlns="http://schemas.microsoft.com/developer/msbuild/2003">
  <ItemGroup>
    <ClInclude Include="src\GLEngine.h" />
    <ClInclude Include="src\Core.h" />
    <ClInclude Include="src\GLE.h" />
    <ClInclude Include="src\Rendering\Window.h" />
    <ClInclude Include="src\Rendering\OpenGL.h" />
    <ClInclude Include="src\Rendering\Renderer.h" />
    <ClInclude Include="src\Rendering\WindowManager.h" />
    <ClInclude Include="src\Tools\Timer.h" />
    <ClInclude Include="vendor\spdlog\include\spdlog\spdlog.h" />
    <ClInclude Include="src\Tools\Logger.h" />
    <ClInclude Include="src\Rendering\Buffer.h" />
    <ClInclude Include="src\Rendering\Interfaces\Bindable.h" />
    <ClInclude Include="src\Rendering\VertexArrayObject.h" />
  </ItemGroup>
  <ItemGroup>
    <ClCompile Include="src\GLEngine.cpp" />
    <ClCompile Include="src\Rendering\Window.cpp" />
    <ClCompile Include="src\Rendering\Renderer.cpp" />
    <ClCompile Include="src\Rendering\WindowManager.cpp" />
    <ClCompile Include="src\Tools\Timer.cpp" />
    <ClCompile Include="src\Rendering\Buffer.cpp" />
    <ClCompile Include="src\Rendering\VertexArrayObject.cpp" />
  </ItemGroup>
  <ItemGroup>
    <None Include="cpp.hint" />
  </ItemGroup>
</Project>